DEPENDENCIES
  mongo_cookbook
    git: https://github.com/ElAouane/mongo_cookbook.git
    revision: 53a4213bec729a98d9ce85e59f1e5ab309a03ed4
  node_cookbook
    git: https://github.com/ElAouane/node_cookbook.git
    revision: ee56abf6c3a4e6aad4d1946c861f8823661a0ae4

GRAPH
  apt (7.2.0)
  ark (5.0.0)
    seven_zip (>= 0.0.0)
  build-essential (8.2.1)
    mingw (>= 1.1)
    seven_zip (>= 0.0.0)
  mingw (2.1.0)
    seven_zip (>= 0.0.0)
  mongo_cookbook (0.1.0)
    apt (>= 0.0.0)
  node_cookbook (0.1.0)
    apt (>= 0.0.0)
    nodejs (~> 6.0.0)
  nodejs (6.0.0)
    ark (>= 2.0.2)
    build-essential (>= 5.0)
  seven_zip (3.1.2)
    windows (>= 0.0.0)
  windows (6.0.1)
